{
  "name": "seed-builder",
  "version": "1.0.0",
  "lockfileVersion": 1,
  "requires": true,
  "dependencies": {
    "seed-builder": {
      "version": "0.0.2",
      "resolved": "https://registry.npmjs.org/seed-builder/-/seed-builder-0.0.2.tgz",
      "integrity": "sha512-8Gdg7EfWlO7QlykT+7XaL/npZTtyewsfrX9T35i+vtKayjUF0o6jBw+M2/ov9fDMIoguoPXCaHwvAheRdD8bvg=="
    }
  }
}
