{
  "name": "seed-builder",
  "version": "1.0.0",
  "lockfileVersion": 1,
  "requires": true,
  "dependencies": {
    "seed-builder": {
      "version": "0.0.5",
      "resolved": "https://registry.npmjs.org/seed-builder/-/seed-builder-0.0.5.tgz",
      "integrity": "sha512-aBFzPfdYiXYe4gTvG3mUqf3ihtG/ahkNsfgAUu9kuEt3MFG9C399wAdPyj/hPc2aKSFrXbrR2jdtQOrp4lIsGg=="
    }
  }
}
